
Microsoft Visual Studio Solution File, Format Version 12.00
# Visual Studio Version 16
VisualStudioVersion = 16.0.29920.165
MinimumVisualStudioVersion = 10.0.40219.1
Project("{FAE04EC0-301F-11D3-BF4B-00C04F79EFBC}") = "ShazamExample1", "ShazamExample1.csproj", "{A5D523C4-8CB5-4D14-9153-3E7DB66634F9}"
EndProject
Global
	GlobalSection(SolutionConfigurationPlatforms) = preSolution
		Debug|Any CPU = Debug|Any CPU
		Release|Any CPU = Release|Any CPU
	EndGlobalSection
	GlobalSection(ProjectConfigurationPlatforms) = postSolution
		{A5D523C4-8CB5-4D14-9153-3E7DB66634F9}.Debug|Any CPU.ActiveCfg = Debug|Any CPU
		{A5D523C4-8CB5-4D14-9153-3E7DB66634F9}.Debug|Any CPU.Build.0 = Debug|Any CPU
		{A5D523C4-8CB5-4D14-9153-3E7DB66634F9}.Release|Any CPU.ActiveCfg = Release|Any CPU
		{A5D523C4-8CB5-4D14-9153-3E7DB66634F9}.Release|Any CPU.Build.0 = Release|Any CPU
	EndGlobalSection
	GlobalSection(SolutionProperties) = preSolution
		HideSolutionNode = FALSE
	EndGlobalSection
	GlobalSection(ExtensibilityGlobals) = postSolution
		SolutionGuid = {D33249E9-FCBE-40A1-9149-EB440FCD8274}
	EndGlobalSection
EndGlobal
